
Microsoft Visual Studio Solution File, Format Version 12.00
# Visual Studio Version 17
VisualStudioVersion = 17.8.34330.188
MinimumVisualStudioVersion = 10.0.40219.1
Project("{9A19103F-16F7-4668-BE54-9A1E7A4F7556}") = "One", "one\One.csproj", "{0435AFA6-87D9-44AB-BE3F-72535451FE7F}"
EndProject
Project("{9A19103F-16F7-4668-BE54-9A1E7A4F7556}") = "Common", "Common\Common.csproj", "{EE0FD055-D1C4-4163-9623-5080BE6093FD}"
EndProject
Project("{9A19103F-16F7-4668-BE54-9A1E7A4F7556}") = "Two", "Two\Two.csproj", "{818AB736-B062-453A-AC8A-E2A0F55A5F4B}"
EndProject
Project("{9A19103F-16F7-4668-BE54-9A1E7A4F7556}") = "Three", "Three\Three.csproj", "{6CDB841C-5977-450B-89B0-53664CE5CBF7}"
EndProject
Project("{9A19103F-16F7-4668-BE54-9A1E7A4F7556}") = "Four", "Four\Four.csproj", "{CC823949-BA5F-408E-947D-93CE7B539E52}"
EndProject
Project("{9A19103F-16F7-4668-BE54-9A1E7A4F7556}") = "Five", "Five\Five.csproj", "{0A441381-54EE-453A-8D70-9BED79E5930B}"
EndProject
Project("{9A19103F-16F7-4668-BE54-9A1E7A4F7556}") = "Six", "Six\Six.csproj", "{A37B8F9C-FE2D-4ABF-BDB9-2EDB8FF80EAD}"
EndProject
Project("{9A19103F-16F7-4668-BE54-9A1E7A4F7556}") = "Seven", "Seven\Seven.csproj", "{F08115BE-3007-4296-BB51-46A62E042226}"
EndProject
Project("{9A19103F-16F7-4668-BE54-9A1E7A4F7556}") = "Eight", "Eight\Eight.csproj", "{E701937B-A32B-477D-8320-2E15783C4F37}"
EndProject
Project("{9A19103F-16F7-4668-BE54-9A1E7A4F7556}") = "Nine", "Nine\Nine.csproj", "{4826C9D6-80FC-4BBE-96F8-1FD05C8E5479}"
EndProject
Project("{9A19103F-16F7-4668-BE54-9A1E7A4F7556}") = "Ten", "Ten\Ten.csproj", "{3F102B21-DF2C-404B-ADB9-D0B0F8E4B1CE}"
EndProject
Project("{9A19103F-16F7-4668-BE54-9A1E7A4F7556}") = "Eleven", "Eleven\Eleven.csproj", "{E680F85C-1FB8-4490-A089-B70EA0A9C713}"
EndProject
Project("{9A19103F-16F7-4668-BE54-9A1E7A4F7556}") = "Twelve", "Twelve\Twelve.csproj", "{8C5394F6-AF69-4C62-9D81-DDE44DAA04F2}"
EndProject
Project("{FAE04EC0-301F-11D3-BF4B-00C04F79EFBC}") = "Thirteen", "Thirteen\Thirteen.csproj", "{ACC161AE-72AD-4A56-A0B5-1CD2B2923DF1}"
EndProject
Global
	GlobalSection(SolutionConfigurationPlatforms) = preSolution
		Debug|Any CPU = Debug|Any CPU
		Release|Any CPU = Release|Any CPU
	EndGlobalSection
	GlobalSection(ProjectConfigurationPlatforms) = postSolution
		{0435AFA6-87D9-44AB-BE3F-72535451FE7F}.Debug|Any CPU.ActiveCfg = Debug|Any CPU
		{0435AFA6-87D9-44AB-BE3F-72535451FE7F}.Debug|Any CPU.Build.0 = Debug|Any CPU
		{0435AFA6-87D9-44AB-BE3F-72535451FE7F}.Release|Any CPU.ActiveCfg = Release|Any CPU
		{0435AFA6-87D9-44AB-BE3F-72535451FE7F}.Release|Any CPU.Build.0 = Release|Any CPU
		{EE0FD055-D1C4-4163-9623-5080BE6093FD}.Debug|Any CPU.ActiveCfg = Debug|Any CPU
		{EE0FD055-D1C4-4163-9623-5080BE6093FD}.Debug|Any CPU.Build.0 = Debug|Any CPU
		{EE0FD055-D1C4-4163-9623-5080BE6093FD}.Release|Any CPU.ActiveCfg = Release|Any CPU
		{EE0FD055-D1C4-4163-9623-5080BE6093FD}.Release|Any CPU.Build.0 = Release|Any CPU
		{818AB736-B062-453A-AC8A-E2A0F55A5F4B}.Debug|Any CPU.ActiveCfg = Debug|Any CPU
		{818AB736-B062-453A-AC8A-E2A0F55A5F4B}.Debug|Any CPU.Build.0 = Debug|Any CPU
		{818AB736-B062-453A-AC8A-E2A0F55A5F4B}.Release|Any CPU.ActiveCfg = Release|Any CPU
		{818AB736-B062-453A-AC8A-E2A0F55A5F4B}.Release|Any CPU.Build.0 = Release|Any CPU
		{6CDB841C-5977-450B-89B0-53664CE5CBF7}.Debug|Any CPU.ActiveCfg = Debug|Any CPU
		{6CDB841C-5977-450B-89B0-53664CE5CBF7}.Debug|Any CPU.Build.0 = Debug|Any CPU
		{6CDB841C-5977-450B-89B0-53664CE5CBF7}.Release|Any CPU.ActiveCfg = Release|Any CPU
		{6CDB841C-5977-450B-89B0-53664CE5CBF7}.Release|Any CPU.Build.0 = Release|Any CPU
		{CC823949-BA5F-408E-947D-93CE7B539E52}.Debug|Any CPU.ActiveCfg = Debug|Any CPU
		{CC823949-BA5F-408E-947D-93CE7B539E52}.Debug|Any CPU.Build.0 = Debug|Any CPU
		{CC823949-BA5F-408E-947D-93CE7B539E52}.Release|Any CPU.ActiveCfg = Release|Any CPU
		{CC823949-BA5F-408E-947D-93CE7B539E52}.Release|Any CPU.Build.0 = Release|Any CPU
		{0A441381-54EE-453A-8D70-9BED79E5930B}.Debug|Any CPU.ActiveCfg = Debug|Any CPU
		{0A441381-54EE-453A-8D70-9BED79E5930B}.Debug|Any CPU.Build.0 = Debug|Any CPU
		{0A441381-54EE-453A-8D70-9BED79E5930B}.Release|Any CPU.ActiveCfg = Release|Any CPU
		{0A441381-54EE-453A-8D70-9BED79E5930B}.Release|Any CPU.Build.0 = Release|Any CPU
		{A37B8F9C-FE2D-4ABF-BDB9-2EDB8FF80EAD}.Debug|Any CPU.ActiveCfg = Debug|Any CPU
		{A37B8F9C-FE2D-4ABF-BDB9-2EDB8FF80EAD}.Debug|Any CPU.Build.0 = Debug|Any CPU
		{A37B8F9C-FE2D-4ABF-BDB9-2EDB8FF80EAD}.Release|Any CPU.ActiveCfg = Release|Any CPU
		{A37B8F9C-FE2D-4ABF-BDB9-2EDB8FF80EAD}.Release|Any CPU.Build.0 = Release|Any CPU
		{F08115BE-3007-4296-BB51-46A62E042226}.Debug|Any CPU.ActiveCfg = Debug|Any CPU
		{F08115BE-3007-4296-BB51-46A62E042226}.Debug|Any CPU.Build.0 = Debug|Any CPU
		{F08115BE-3007-4296-BB51-46A62E042226}.Release|Any CPU.ActiveCfg = Release|Any CPU
		{F08115BE-3007-4296-BB51-46A62E042226}.Release|Any CPU.Build.0 = Release|Any CPU
		{E701937B-A32B-477D-8320-2E15783C4F37}.Debug|Any CPU.ActiveCfg = Debug|Any CPU
		{E701937B-A32B-477D-8320-2E15783C4F37}.Debug|Any CPU.Build.0 = Debug|Any CPU
		{E701937B-A32B-477D-8320-2E15783C4F37}.Release|Any CPU.ActiveCfg = Release|Any CPU
		{E701937B-A32B-477D-8320-2E15783C4F37}.Release|Any CPU.Build.0 = Release|Any CPU
		{4826C9D6-80FC-4BBE-96F8-1FD05C8E5479}.Debug|Any CPU.ActiveCfg = Debug|Any CPU
		{4826C9D6-80FC-4BBE-96F8-1FD05C8E5479}.Debug|Any CPU.Build.0 = Debug|Any CPU
		{4826C9D6-80FC-4BBE-96F8-1FD05C8E5479}.Release|Any CPU.ActiveCfg = Release|Any CPU
		{4826C9D6-80FC-4BBE-96F8-1FD05C8E5479}.Release|Any CPU.Build.0 = Release|Any CPU
		{3F102B21-DF2C-404B-ADB9-D0B0F8E4B1CE}.Debug|Any CPU.ActiveCfg = Debug|Any CPU
		{3F102B21-DF2C-404B-ADB9-D0B0F8E4B1CE}.Debug|Any CPU.Build.0 = Debug|Any CPU
		{3F102B21-DF2C-404B-ADB9-D0B0F8E4B1CE}.Release|Any CPU.ActiveCfg = Release|Any CPU
		{3F102B21-DF2C-404B-ADB9-D0B0F8E4B1CE}.Release|Any CPU.Build.0 = Release|Any CPU
		{E680F85C-1FB8-4490-A089-B70EA0A9C713}.Debug|Any CPU.ActiveCfg = Debug|Any CPU
		{E680F85C-1FB8-4490-A089-B70EA0A9C713}.Debug|Any CPU.Build.0 = Debug|Any CPU
		{E680F85C-1FB8-4490-A089-B70EA0A9C713}.Release|Any CPU.ActiveCfg = Release|Any CPU
		{E680F85C-1FB8-4490-A089-B70EA0A9C713}.Release|Any CPU.Build.0 = Release|Any CPU
		{8C5394F6-AF69-4C62-9D81-DDE44DAA04F2}.Debug|Any CPU.ActiveCfg = Debug|Any CPU
		{8C5394F6-AF69-4C62-9D81-DDE44DAA04F2}.Debug|Any CPU.Build.0 = Debug|Any CPU
		{8C5394F6-AF69-4C62-9D81-DDE44DAA04F2}.Release|Any CPU.ActiveCfg = Release|Any CPU
		{8C5394F6-AF69-4C62-9D81-DDE44DAA04F2}.Release|Any CPU.Build.0 = Release|Any CPU
		{ACC161AE-72AD-4A56-A0B5-1CD2B2923DF1}.Debug|Any CPU.ActiveCfg = Debug|Any CPU
		{ACC161AE-72AD-4A56-A0B5-1CD2B2923DF1}.Debug|Any CPU.Build.0 = Debug|Any CPU
		{ACC161AE-72AD-4A56-A0B5-1CD2B2923DF1}.Release|Any CPU.ActiveCfg = Release|Any CPU
		{ACC161AE-72AD-4A56-A0B5-1CD2B2923DF1}.Release|Any CPU.Build.0 = Release|Any CPU
	EndGlobalSection
	GlobalSection(SolutionProperties) = preSolution
		HideSolutionNode = FALSE
	EndGlobalSection
	GlobalSection(ExtensibilityGlobals) = postSolution
		SolutionGuid = {D720CC55-74BB-4A48-A75B-18CF2DB42532}
	EndGlobalSection
EndGlobal
